{
  "name": "hitc-search-task-demo",
  "version": "1.0.0",
  "lockfileVersion": 3,
  "requires": true,
  "packages": {
    "": {
      "name": "hitc-search-task-demo",
      "version": "1.0.0",
      "devDependencies": {
        "@hitc/netsuite-types": "^2023.2.10",
        "typescript": "^5.3.3"
      }
    },
    "node_modules/@hitc/netsuite-types": {
      "version": "2023.2.10",
      "resolved": "https://registry.npmjs.org/@hitc/netsuite-types/-/netsuite-types-2023.2.10.tgz",
      "integrity": "sha512-OammGwPTw7qZUpObK2Ybt+A8mHkgILr992mC/3N6OFLywrJukMI7vdRwIbbchAUW5YZ/B0QRpotbi+DoduyNKA==",
      "dev": true
    },
    "node_modules/typescript": {
      "version": "5.3.3",
      "resolved": "https://registry.npmjs.org/typescript/-/typescript-5.3.3.tgz",
      "integrity": "sha512-pXWcraxM0uxAS+tN0AG/BF2TyqmHO014Z070UsJ+pFvYuRSq8KH8DmWpnbXe0pEPDHXZV3FcAbJkijJ5oNEnWw==",
      "dev": true,
      "bin": {
        "tsc": "bin/tsc",
        "tsserver": "bin/tsserver"
      },
      "engines": {
        "node": ">=14.17"
      }
    }
  }
}
